// !$*UTF8*$!
{
	archiveVersion = 1;
	classes = {
	};
	objectVersion = 50;
	objects = {

/* Begin PBXBuildFile section */
		6573278225A1883E005497D4 /* AppDelegate.swift in Sources */ = {isa = PBXBuildFile; fileRef = 6573278125A1883E005497D4 /* AppDelegate.swift */; };
		6573278425A1883E005497D4 /* SceneDelegate.swift in Sources */ = {isa = PBXBuildFile; fileRef = 6573278325A1883E005497D4 /* SceneDelegate.swift */; };
		6573278625A1883E005497D4 /* ViewController.swift in Sources */ = {isa = PBXBuildFile; fileRef = 6573278525A1883E005497D4 /* ViewController.swift */; };
		6573278925A1883E005497D4 /* Main.storyboard in Resources */ = {isa = PBXBuildFile; fileRef = 6573278725A1883E005497D4 /* Main.storyboard */; };
		6573278B25A1883F005497D4 /* Assets.xcassets in Resources */ = {isa = PBXBuildFile; fileRef = 6573278A25A1883F005497D4 /* Assets.xcassets */; };
		6573278E25A1883F005497D4 /* LaunchScreen.storyboard in Resources */ = {isa = PBXBuildFile; fileRef = 6573278C25A1883F005497D4 /* LaunchScreen.storyboard */; };
		657327D925A1955C005497D4 /* 7.jpg in Resources */ = {isa = PBXBuildFile; fileRef = 657327CA25A1955B005497D4 /* 7.jpg */; };
		657327DA25A1955C005497D4 /* 11.jpg in Resources */ = {isa = PBXBuildFile; fileRef = 657327CB25A1955B005497D4 /* 11.jpg */; };
		657327DB25A1955C005497D4 /* 1.jpg in Resources */ = {isa = PBXBuildFile; fileRef = 657327CC25A1955B005497D4 /* 1.jpg */; };
		657327DC25A1955C005497D4 /* 14.jpg in Resources */ = {isa = PBXBuildFile; fileRef = 657327CD25A1955B005497D4 /* 14.jpg */; };
		657327DD25A1955C005497D4 /* 10.jpg in Resources */ = {isa = PBXBuildFile; fileRef = 657327CE25A1955B005497D4 /* 10.jpg */; };
		657327DE25A1955C005497D4 /* 3.jpg in Resources */ = {isa = PBXBuildFile; fileRef = 657327CF25A1955B005497D4 /* 3.jpg */; };
		657327DF25A1955C005497D4 /* 6.jpg in Resources */ = {isa = PBXBuildFile; fileRef = 657327D025A1955C005497D4 /* 6.jpg */; };
		657327E025A1955C005497D4 /* 8.jpg in Resources */ = {isa = PBXBuildFile; fileRef = 657327D125A1955C005497D4 /* 8.jpg */; };
		657327E125A1955C005497D4 /* 13.jpg in Resources */ = {isa = PBXBuildFile; fileRef = 657327D225A1955C005497D4 /* 13.jpg */; };
		657327E225A1955C005497D4 /* 15.jpg in Resources */ = {isa = PBXBuildFile; fileRef = 657327D325A1955C005497D4 /* 15.jpg */; };
		657327E325A1955C005497D4 /* 5.jpg in Resources */ = {isa = PBXBuildFile; fileRef = 657327D425A1955C005497D4 /* 5.jpg */; };
		657327E425A1955C005497D4 /* 4.jpg in Resources */ = {isa = PBXBuildFile; fileRef = 657327D525A1955C005497D4 /* 4.jpg */; };
		657327E525A1955C005497D4 /* 12.jpg in Resources */ = {isa = PBXBuildFile; fileRef = 657327D625A1955C005497D4 /* 12.jpg */; };
		657327E625A1955C005497D4 /* 9.jpg in Resources */ = {isa = PBXBuildFile; fileRef = 657327D725A1955C005497D4 /* 9.jpg */; };
		657327E725A1955C005497D4 /* 2.jpg in Resources */ = {isa = PBXBuildFile; fileRef = 657327D825A1955C005497D4 /* 2.jpg */; };
/* End PBXBuildFile section */

/* Begin PBXFileReference section */
		6573277E25A1883E005497D4 /* DigitalFrame.app */ = {isa = PBXFileReference; explicitFileType = wrapper.application; includeInIndex = 0; path = DigitalFrame.app; sourceTree = BUILT_PRODUCTS_DIR; };
		6573278125A1883E005497D4 /* AppDelegate.swift */ = {isa = PBXFileReference; lastKnownFileType = sourcecode.swift; path = AppDelegate.swift; sourceTree = "<group>"; };
		6573278325A1883E005497D4 /* SceneDelegate.swift */ = {isa = PBXFileReference; lastKnownFileType = sourcecode.swift; path = SceneDelegate.swift; sourceTree = "<group>"; };
		6573278525A1883E005497D4 /* ViewController.swift */ = {isa = PBXFileReference; lastKnownFileType = sourcecode.swift; path = ViewController.swift; sourceTree = "<group>"; };
		6573278825A1883E005497D4 /* Base */ = {isa = PBXFileReference; lastKnownFileType = file.storyboard; name = Base; path = Base.lproj/Main.storyboard; sourceTree = "<group>"; };
		6573278A25A1883F005497D4 /* Assets.xcassets */ = {isa = PBXFileReference; lastKnownFileType = folder.assetcatalog; path = Assets.xcassets; sourceTree = "<group>"; };
		6573278D25A1883F005497D4 /* Base */ = {isa = PBXFileReference; lastKnownFileType = file.storyboard; name = Base; path = Base.lproj/LaunchScreen.storyboard; sourceTree = "<group>"; };
		6573278F25A1883F005497D4 /* Info.plist */ = {isa = PBXFileReference; lastKnownFileType = text.plist.xml; path = Info.plist; sourceTree = "<group>"; };
		657327CA25A1955B005497D4 /* 7.jpg */ = {isa = PBXFileReference; lastKnownFileType = image.jpeg; path = 7.jpg; sourceTree = "<group>"; };
		657327CB25A1955B005497D4 /* 11.jpg */ = {isa = PBXFileReference; lastKnownFileType = image.jpeg; path = 11.jpg; sourceTree = "<group>"; };
		657327CC25A1955B005497D4 /* 1.jpg */ = {isa = PBXFileReference; lastKnownFileType = image.jpeg; path = 1.jpg; sourceTree = "<group>"; };
		657327CD25A1955B005497D4 /* 14.jpg */ = {isa = PBXFileReference; lastKnownFileType = image.jpeg; path = 14.jpg; sourceTree = "<group>"; };
		657327CE25A1955B005497D4 /* 10.jpg */ = {isa = PBXFileReference; lastKnownFileType = image.jpeg; path = 10.jpg; sourceTree = "<group>"; };
		657327CF25A1955B005497D4 /* 3.jpg */ = {isa = PBXFileReference; lastKnownFileType = image.jpeg; path = 3.jpg; sourceTree = "<group>"; };
		657327D025A1955C005497D4 /* 6.jpg */ = {isa = PBXFileReference; lastKnownFileType = image.jpeg; path = 6.jpg; sourceTree = "<group>"; };
		657327D125A1955C005497D4 /* 8.jpg */ = {isa = PBXFileReference; lastKnownFileType = image.jpeg; path = 8.jpg; sourceTree = "<group>"; };
		657327D225A1955C005497D4 /* 13.jpg */ = {isa = PBXFileReference; lastKnownFileType = image.jpeg; path = 13.jpg; sourceTree = "<group>"; };
		657327D325A1955C005497D4 /* 15.jpg */ = {isa = PBXFileReference; lastKnownFileType = image.jpeg; path = 15.jpg; sourceTree = "<group>"; };
		657327D425A1955C005497D4 /* 5.jpg */ = {isa = PBXFileReference; lastKnownFileType = image.jpeg; path = 5.jpg; sourceTree = "<group>"; };
		657327D525A1955C005497D4 /* 4.jpg */ = {isa = PBXFileReference; lastKnownFileType = image.jpeg; path = 4.jpg; sourceTree = "<group>"; };
		657327D625A1955C005497D4 /* 12.jpg */ = {isa = PBXFileReference; lastKnownFileType = image.jpeg; path = 12.jpg; sourceTree = "<group>"; };
		657327D725A1955C005497D4 /* 9.jpg */ = {isa = PBXFileReference; lastKnownFileType = image.jpeg; path = 9.jpg; sourceTree = "<group>"; };
		657327D825A1955C005497D4 /* 2.jpg */ = {isa = PBXFileReference; lastKnownFileType = image.jpeg; path = 2.jpg; sourceTree = "<group>"; };
/* End PBXFileReference section */

/* Begin PBXFrameworksBuildPhase section */
		6573277B25A1883E005497D4 /* Frameworks */ = {
			isa = PBXFrameworksBuildPhase;
			buildActionMask = 2147483647;
			files = (
			);
			runOnlyForDeploymentPostprocessing = 0;
		};
/* End PBXFrameworksBuildPhase section */

/* Begin PBXGroup section */
		6573277525A1883E005497D4 = {
			isa = PBXGroup;
			children = (
				6573278025A1883E005497D4 /* DigitalFrame */,
				6573277F25A1883E005497D4 /* Products */,
			);
			sourceTree = "<group>";
		};
		6573277F25A1883E005497D4 /* Products */ = {
			isa = PBXGroup;
			children = (
				6573277E25A1883E005497D4 /* DigitalFrame.app */,
			);
			name = Products;
			sourceTree = "<group>";
		};
		6573278025A1883E005497D4 /* DigitalFrame */ = {
			isa = PBXGroup;
			children = (
				6573279625A1884F005497D4 /* Resource */,
				6573278125A1883E005497D4 /* AppDelegate.swift */,
				6573278325A1883E005497D4 /* SceneDelegate.swift */,
				6573278525A1883E005497D4 /* ViewController.swift */,
				6573278725A1883E005497D4 /* Main.storyboard */,
				6573278A25A1883F005497D4 /* Assets.xcassets */,
				6573278C25A1883F005497D4 /* LaunchScreen.storyboard */,
				6573278F25A1883F005497D4 /* Info.plist */,
			);
			path = DigitalFrame;
			sourceTree = "<group>";
		};
		6573279625A1884F005497D4 /* Resource */ = {
			isa = PBXGroup;
			children = (
				657327CC25A1955B005497D4 /* 1.jpg */,
				657327D825A1955C005497D4 /* 2.jpg */,
				657327CF25A1955B005497D4 /* 3.jpg */,
				657327D525A1955C005497D4 /* 4.jpg */,
				657327D425A1955C005497D4 /* 5.jpg */,
				657327D025A1955C005497D4 /* 6.jpg */,
				657327CA25A1955B005497D4 /* 7.jpg */,
				657327D125A1955C005497D4 /* 8.jpg */,
				657327D725A1955C005497D4 /* 9.jpg */,
				657327CE25A1955B005497D4 /* 10.jpg */,
				657327CB25A1955B005497D4 /* 11.jpg */,
				657327D625A1955C005497D4 /* 12.jpg */,
				657327D225A1955C005497D4 /* 13.jpg */,
				657327CD25A1955B005497D4 /* 14.jpg */,
				657327D325A1955C005497D4 /* 15.jpg */,
			);
			path = Resource;
			sourceTree = "<group>";
		};
/* End PBXGroup section */

/* Begin PBXNativeTarget section */
		6573277D25A1883E005497D4 /* DigitalFrame */ = {
			isa = PBXNativeTarget;
			buildConfigurationList = 6573279225A1883F005497D4 /* Build configuration list for PBXNativeTarget "DigitalFrame" */;
			buildPhases = (
				6573277A25A1883E005497D4 /* Sources */,
				6573277B25A1883E005497D4 /* Frameworks */,
				6573277C25A1883E005497D4 /* Resources */,
			);
			buildRules = (
			);
			dependencies = (
			);
			name = DigitalFrame;
			productName = DigitalFrame;
			productReference = 6573277E25A1883E005497D4 /* DigitalFrame.app */;
			productType = "com.apple.product-type.application";
		};
/* End PBXNativeTarget section */

/* Begin PBXProject section */
		6573277625A1883E005497D4 /* Project object */ = {
			isa = PBXProject;
			attributes = {
				LastSwiftUpdateCheck = 1230;
				LastUpgradeCheck = 1230;
				TargetAttributes = {
					6573277D25A1883E005497D4 = {
						CreatedOnToolsVersion = 12.3;
					};
				};
			};
			buildConfigurationList = 6573277925A1883E005497D4 /* Build configuration list for PBXProject "DigitalFrame" */;
			compatibilityVersion = "Xcode 9.3";
			developmentRegion = en;
			hasScannedForEncodings = 0;
			knownRegions = (
				en,
				Base,
			);
			mainGroup = 6573277525A1883E005497D4;
			productRefGroup = 6573277F25A1883E005497D4 /* Products */;
			projectDirPath = "";
			projectRoot = "";
			targets = (
				6573277D25A1883E005497D4 /* DigitalFrame */,
			);
		};
/* End PBXProject section */

/* Begin PBXResourcesBuildPhase section */
		6573277C25A1883E005497D4 /* Resources */ = {
			isa = PBXResourcesBuildPhase;
			buildActionMask = 2147483647;
			files = (
				657327E225A1955C005497D4 /* 15.jpg in Resources */,
				657327E025A1955C005497D4 /* 8.jpg in Resources */,
				657327E125A1955C005497D4 /* 13.jpg in Resources */,
				657327E425A1955C005497D4 /* 4.jpg in Resources */,
				657327DE25A1955C005497D4 /* 3.jpg in Resources */,
				657327DA25A1955C005497D4 /* 11.jpg in Resources */,
				6573278E25A1883F005497D4 /* LaunchScreen.storyboard in Resources */,
				6573278B25A1883F005497D4 /* Assets.xcassets in Resources */,
				657327E525A1955C005497D4 /* 12.jpg in Resources */,
				657327DF25A1955C005497D4 /* 6.jpg in Resources */,
				657327DC25A1955C005497D4 /* 14.jpg in Resources */,
				657327DB25A1955C005497D4 /* 1.jpg in Resources */,
				657327E725A1955C005497D4 /* 2.jpg in Resources */,
				657327E625A1955C005497D4 /* 9.jpg in Resources */,
				6573278925A1883E005497D4 /* Main.storyboard in Resources */,
				657327E325A1955C005497D4 /* 5.jpg in Resources */,
				657327DD25A1955C005497D4 /* 10.jpg in Resources */,
				657327D925A1955C005497D4 /* 7.jpg in Resources */,
			);
			runOnlyForDeploymentPostprocessing = 0;
		};
/* End PBXResourcesBuildPhase section */

/* Begin PBXSourcesBuildPhase section */
		6573277A25A1883E005497D4 /* Sources */ = {
			isa = PBXSourcesBuildPhase;
			buildActionMask = 2147483647;
			files = (
				6573278625A1883E005497D4 /* ViewController.swift in Sources */,
				6573278225A1883E005497D4 /* AppDelegate.swift in Sources */,
				6573278425A1883E005497D4 /* SceneDelegate.swift in Sources */,
			);
			runOnlyForDeploymentPostprocessing = 0;
		};
/* End PBXSourcesBuildPhase section */

/* Begin PBXVariantGroup section */
		6573278725A1883E005497D4 /* Main.storyboard */ = {
			isa = PBXVariantGroup;
			children = (
				6573278825A1883E005497D4 /* Base */,
			);
			name = Main.storyboard;
			sourceTree = "<group>";
		};
		6573278C25A1883F005497D4 /* LaunchScreen.storyboard */ = {
			isa = PBXVariantGroup;
			children = (
				6573278D25A1883F005497D4 /* Base */,
			);
			name = LaunchScreen.storyboard;
			sourceTree = "<group>";
		};
/* End PBXVariantGroup section */

/* Begin XCBuildConfiguration section */
		6573279025A1883F005497D4 /* Debug */ = {
			isa = XCBuildConfiguration;
			buildSettings = {
				ALWAYS_SEARCH_USER_PATHS = NO;
				CLANG_ANALYZER_NONNULL = YES;
				CLANG_ANALYZER_NUMBER_OBJECT_CONVERSION = YES_AGGRESSIVE;
				CLANG_CXX_LANGUAGE_STANDARD = "gnu++14";
				CLANG_CXX_LIBRARY = "libc++";
				CLANG_ENABLE_MODULES = YES;
				CLANG_ENABLE_OBJC_ARC = YES;
				CLANG_ENABLE_OBJC_WEAK = YES;
				CLANG_WARN_BLOCK_CAPTURE_AUTORELEASING = YES;
				CLANG_WARN_BOOL_CONVERSION = YES;
				CLANG_WARN_COMMA = YES;
				CLANG_WARN_CONSTANT_CONVERSION = YES;
				CLANG_WARN_DEPRECATED_OBJC_IMPLEMENTATIONS = YES;
				CLANG_WARN_DIRECT_OBJC_ISA_USAGE = YES_ERROR;
				CLANG_WARN_DOCUMENTATION_COMMENTS = YES;
				CLANG_WARN_EMPTY_BODY = YES;
				CLANG_WARN_ENUM_CONVERSION = YES;
				CLANG_WARN_INFINITE_RECURSION = YES;
				CLANG_WARN_INT_CONVERSION = YES;
				CLANG_WARN_NON_LITERAL_NULL_CONVERSION = YES;
				CLANG_WARN_OBJC_IMPLICIT_RETAIN_SELF = YES;
				CLANG_WARN_OBJC_LITERAL_CONVERSION = YES;
				CLANG_WARN_OBJC_ROOT_CLASS = YES_ERROR;
				CLANG_WARN_QUOTED_INCLUDE_IN_FRAMEWORK_HEADER = YES;
				CLANG_WARN_RANGE_LOOP_ANALYSIS = YES;
				CLANG_WARN_STRICT_PROTOTYPES = YES;
				CLANG_WARN_SUSPICIOUS_MOVE = YES;
				CLANG_WARN_UNGUARDED_AVAILABILITY = YES_AGGRESSIVE;
				CLANG_WARN_UNREACHABLE_CODE = YES;
				CLANG_WARN__DUPLICATE_METHOD_MATCH = YES;
				COPY_PHASE_STRIP = NO;
				DEBUG_INFORMATION_FORMAT = dwarf;
				ENABLE_STRICT_OBJC_MSGSEND = YES;
				ENABLE_TESTABILITY = YES;
				GCC_C_LANGUAGE_STANDARD = gnu11;
				GCC_DYNAMIC_NO_PIC = NO;
				GCC_NO_COMMON_BLOCKS = YES;
				GCC_OPTIMIZATION_LEVEL = 0;
				GCC_PREPROCESSOR_DEFINITIONS = (
					"DEBUG=1",
					"$(inherited)",
				);
				GCC_WARN_64_TO_32_BIT_CONVERSION = YES;
				GCC_WARN_ABOUT_RETURN_TYPE = YES_ERROR;
				GCC_WARN_UNDECLARED_SELECTOR = YES;
				GCC_WARN_UNINITIALIZED_AUTOS = YES_AGGRESSIVE;
				GCC_WARN_UNUSED_FUNCTION = YES;
				GCC_WARN_UNUSED_VARIABLE = YES;
				IPHONEOS_DEPLOYMENT_TARGET = 14.3;
				MTL_ENABLE_DEBUG_INFO = INCLUDE_SOURCE;
				MTL_FAST_MATH = YES;
				ONLY_ACTIVE_ARCH = YES;
				SDKROOT = iphoneos;
				SWIFT_ACTIVE_COMPILATION_CONDITIONS = DEBUG;
				SWIFT_OPTIMIZATION_LEVEL = "-Onone";
			};
			name = Debug;
		};
		6573279125A1883F005497D4 /* Release */ = {
			isa = XCBuildConfiguration;
			buildSettings = {
				ALWAYS_SEARCH_USER_PATHS = NO;
				CLANG_ANALYZER_NONNULL = YES;
				CLANG_ANALYZER_NUMBER_OBJECT_CONVERSION = YES_AGGRESSIVE;
				CLANG_CXX_LANGUAGE_STANDARD = "gnu++14";
				CLANG_CXX_LIBRARY = "libc++";
				CLANG_ENABLE_MODULES = YES;
				CLANG_ENABLE_OBJC_ARC = YES;
				CLANG_ENABLE_OBJC_WEAK = YES;
				CLANG_WARN_BLOCK_CAPTURE_AUTORELEASING = YES;
				CLANG_WARN_BOOL_CONVERSION = YES;
				CLANG_WARN_COMMA = YES;
				CLANG_WARN_CONSTANT_CONVERSION = YES;
				CLANG_WARN_DEPRECATED_OBJC_IMPLEMENTATIONS = YES;
				CLANG_WARN_DIRECT_OBJC_ISA_USAGE = YES_ERROR;
				CLANG_WARN_DOCUMENTATION_COMMENTS = YES;
				CLANG_WARN_EMPTY_BODY = YES;
				CLANG_WARN_ENUM_CONVERSION = YES;
				CLANG_WARN_INFINITE_RECURSION = YES;
				CLANG_WARN_INT_CONVERSION = YES;
				CLANG_WARN_NON_LITERAL_NULL_CONVERSION = YES;
				CLANG_WARN_OBJC_IMPLICIT_RETAIN_SELF = YES;
				CLANG_WARN_OBJC_LITERAL_CONVERSION = YES;
				CLANG_WARN_OBJC_ROOT_CLASS = YES_ERROR;
				CLANG_WARN_QUOTED_INCLUDE_IN_FRAMEWORK_HEADER = YES;
				CLANG_WARN_RANGE_LOOP_ANALYSIS = YES;
				CLANG_WARN_STRICT_PROTOTYPES = YES;
				CLANG_WARN_SUSPICIOUS_MOVE = YES;
				CLANG_WARN_UNGUARDED_AVAILABILITY = YES_AGGRESSIVE;
				CLANG_WARN_UNREACHABLE_CODE = YES;
				CLANG_WARN__DUPLICATE_METHOD_MATCH = YES;
				COPY_PHASE_STRIP = NO;
				DEBUG_INFORMATION_FORMAT = "dwarf-with-dsym";
				ENABLE_NS_ASSERTIONS = NO;
				ENABLE_STRICT_OBJC_MSGSEND = YES;
				GCC_C_LANGUAGE_STANDARD = gnu11;
				GCC_NO_COMMON_BLOCKS = YES;
				GCC_WARN_64_TO_32_BIT_CONVERSION = YES;
				GCC_WARN_ABOUT_RETURN_TYPE = YES_ERROR;
				GCC_WARN_UNDECLARED_SELECTOR = YES;
				GCC_WARN_UNINITIALIZED_AUTOS = YES_AGGRESSIVE;
				GCC_WARN_UNUSED_FUNCTION = YES;
				GCC_WARN_UNUSED_VARIABLE = YES;
				IPHONEOS_DEPLOYMENT_TARGET = 14.3;
				MTL_ENABLE_DEBUG_INFO = NO;
				MTL_FAST_MATH = YES;
				SDKROOT = iphoneos;
				SWIFT_COMPILATION_MODE = wholemodule;
				SWIFT_OPTIMIZATION_LEVEL = "-O";
				VALIDATE_PRODUCT = YES;
			};
			name = Release;
		};
		6573279325A1883F005497D4 /* Debug */ = {
			isa = XCBuildConfiguration;
			buildSettings = {
				ASSETCATALOG_COMPILER_APPICON_NAME = AppIcon;
				ASSETCATALOG_COMPILER_GLOBAL_ACCENT_COLOR_NAME = AccentColor;
				CODE_SIGN_STYLE = Automatic;
				DEVELOPMENT_TEAM = B434W34DLF;
				INFOPLIST_FILE = DigitalFrame/Info.plist;
				LD_RUNPATH_SEARCH_PATHS = (
					"$(inherited)",
					"@executable_path/Frameworks",
				);
				PRODUCT_BUNDLE_IDENTIFIER = "kr.ac.kpu.-.DigitalFrame";
				PRODUCT_NAME = "$(TARGET_NAME)";
				SWIFT_VERSION = 5.0;
				TARGETED_DEVICE_FAMILY = "1,2";
			};
			name = Debug;
		};
		6573279425A1883F005497D4 /* Release */ = {
			isa = XCBuildConfiguration;
			buildSettings = {
				ASSETCATALOG_COMPILER_APPICON_NAME = AppIcon;
				ASSETCATALOG_COMPILER_GLOBAL_ACCENT_COLOR_NAME = AccentColor;
				CODE_SIGN_STYLE = Automatic;
				DEVELOPMENT_TEAM = B434W34DLF;
				INFOPLIST_FILE = DigitalFrame/Info.plist;
				LD_RUNPATH_SEARCH_PATHS = (
					"$(inherited)",
					"@executable_path/Frameworks",
				);
				PRODUCT_BUNDLE_IDENTIFIER = "kr.ac.kpu.-.DigitalFrame";
				PRODUCT_NAME = "$(TARGET_NAME)";
				SWIFT_VERSION = 5.0;
				TARGETED_DEVICE_FAMILY = "1,2";
			};
			name = Release;
		};
/* End XCBuildConfiguration section */

/* Begin XCConfigurationList section */
		6573277925A1883E005497D4 /* Build configuration list for PBXProject "DigitalFrame" */ = {
			isa = XCConfigurationList;
			buildConfigurations = (
				6573279025A1883F005497D4 /* Debug */,
				6573279125A1883F005497D4 /* Release */,
			);
			defaultConfigurationIsVisible = 0;
			defaultConfigurationName = Release;
		};
		6573279225A1883F005497D4 /* Build configuration list for PBXNativeTarget "DigitalFrame" */ = {
			isa = XCConfigurationList;
			buildConfigurations = (
				6573279325A1883F005497D4 /* Debug */,
				6573279425A1883F005497D4 /* Release */,
			);
			defaultConfigurationIsVisible = 0;
			defaultConfigurationName = Release;
		};
/* End XCConfigurationList section */
	};
	rootObject = 6573277625A1883E005497D4 /* Project object */;
}
