// !$*UTF8*$!
{
	archiveVersion = 1;
	classes = {
	};
	objectVersion = 50;
	objects = {

/* Begin PBXBuildFile section */
		65C3D22E25A6999C00EACE45 /* AppDelegate.swift in Sources */ = {isa = PBXBuildFile; fileRef = 65C3D22D25A6999C00EACE45 /* AppDelegate.swift */; };
		65C3D23025A6999C00EACE45 /* SceneDelegate.swift in Sources */ = {isa = PBXBuildFile; fileRef = 65C3D22F25A6999C00EACE45 /* SceneDelegate.swift */; };
		65C3D23225A6999C00EACE45 /* ViewController.swift in Sources */ = {isa = PBXBuildFile; fileRef = 65C3D23125A6999C00EACE45 /* ViewController.swift */; };
		65C3D23525A6999C00EACE45 /* Main.storyboard in Resources */ = {isa = PBXBuildFile; fileRef = 65C3D23325A6999C00EACE45 /* Main.storyboard */; };
		65C3D23725A6999C00EACE45 /* Assets.xcassets in Resources */ = {isa = PBXBuildFile; fileRef = 65C3D23625A6999C00EACE45 /* Assets.xcassets */; };
		65C3D23A25A6999C00EACE45 /* LaunchScreen.storyboard in Resources */ = {isa = PBXBuildFile; fileRef = 65C3D23825A6999C00EACE45 /* LaunchScreen.storyboard */; };
		65C3D25125A699DB00EACE45 /* watermelon.png in Resources */ = {isa = PBXBuildFile; fileRef = 65C3D24325A699DA00EACE45 /* watermelon.png */; };
		65C3D25225A699DB00EACE45 /* blueberry.jpg in Resources */ = {isa = PBXBuildFile; fileRef = 65C3D24425A699DA00EACE45 /* blueberry.jpg */; };
		65C3D25325A699DB00EACE45 /* apple.jpeg in Resources */ = {isa = PBXBuildFile; fileRef = 65C3D24525A699DA00EACE45 /* apple.jpeg */; };
		65C3D25425A699DB00EACE45 /* tomato.png in Resources */ = {isa = PBXBuildFile; fileRef = 65C3D24625A699DA00EACE45 /* tomato.png */; };
		65C3D25525A699DB00EACE45 /* grape.jpg in Resources */ = {isa = PBXBuildFile; fileRef = 65C3D24725A699DA00EACE45 /* grape.jpg */; };
		65C3D25625A699DB00EACE45 /* kiwi.png in Resources */ = {isa = PBXBuildFile; fileRef = 65C3D24825A699DA00EACE45 /* kiwi.png */; };
		65C3D25725A699DB00EACE45 /* lemon.png in Resources */ = {isa = PBXBuildFile; fileRef = 65C3D24925A699DA00EACE45 /* lemon.png */; };
		65C3D25825A699DB00EACE45 /* cherry.png in Resources */ = {isa = PBXBuildFile; fileRef = 65C3D24A25A699DA00EACE45 /* cherry.png */; };
		65C3D25925A699DB00EACE45 /* background.jpg in Resources */ = {isa = PBXBuildFile; fileRef = 65C3D24B25A699DA00EACE45 /* background.jpg */; };
		65C3D25A25A699DB00EACE45 /* strawberry.jpg in Resources */ = {isa = PBXBuildFile; fileRef = 65C3D24C25A699DA00EACE45 /* strawberry.jpg */; };
		65C3D25B25A699DB00EACE45 /* carrot.jpg in Resources */ = {isa = PBXBuildFile; fileRef = 65C3D24D25A699DA00EACE45 /* carrot.jpg */; };
		65C3D25C25A699DB00EACE45 /* lime.jpg in Resources */ = {isa = PBXBuildFile; fileRef = 65C3D24E25A699DA00EACE45 /* lime.jpg */; };
		65C3D25D25A699DB00EACE45 /* meat.jpg in Resources */ = {isa = PBXBuildFile; fileRef = 65C3D24F25A699DA00EACE45 /* meat.jpg */; };
		65C3D25E25A699DB00EACE45 /* vegetable.jpg in Resources */ = {isa = PBXBuildFile; fileRef = 65C3D25025A699DA00EACE45 /* vegetable.jpg */; };
		65C3D26125A6A34B00EACE45 /* CustomCell.swift in Sources */ = {isa = PBXBuildFile; fileRef = 65C3D26025A6A34B00EACE45 /* CustomCell.swift */; };
		65C3D26425A6CA2400EACE45 /* DetailViewController.swift in Sources */ = {isa = PBXBuildFile; fileRef = 65C3D26325A6CA2400EACE45 /* DetailViewController.swift */; };
/* End PBXBuildFile section */

/* Begin PBXFileReference section */
		65C3D22A25A6999C00EACE45 /* CustomCell.app */ = {isa = PBXFileReference; explicitFileType = wrapper.application; includeInIndex = 0; path = CustomCell.app; sourceTree = BUILT_PRODUCTS_DIR; };
		65C3D22D25A6999C00EACE45 /* AppDelegate.swift */ = {isa = PBXFileReference; lastKnownFileType = sourcecode.swift; path = AppDelegate.swift; sourceTree = "<group>"; };
		65C3D22F25A6999C00EACE45 /* SceneDelegate.swift */ = {isa = PBXFileReference; lastKnownFileType = sourcecode.swift; path = SceneDelegate.swift; sourceTree = "<group>"; };
		65C3D23125A6999C00EACE45 /* ViewController.swift */ = {isa = PBXFileReference; lastKnownFileType = sourcecode.swift; path = ViewController.swift; sourceTree = "<group>"; };
		65C3D23425A6999C00EACE45 /* Base */ = {isa = PBXFileReference; lastKnownFileType = file.storyboard; name = Base; path = Base.lproj/Main.storyboard; sourceTree = "<group>"; };
		65C3D23625A6999C00EACE45 /* Assets.xcassets */ = {isa = PBXFileReference; lastKnownFileType = folder.assetcatalog; path = Assets.xcassets; sourceTree = "<group>"; };
		65C3D23925A6999C00EACE45 /* Base */ = {isa = PBXFileReference; lastKnownFileType = file.storyboard; name = Base; path = Base.lproj/LaunchScreen.storyboard; sourceTree = "<group>"; };
		65C3D23B25A6999C00EACE45 /* Info.plist */ = {isa = PBXFileReference; lastKnownFileType = text.plist.xml; path = Info.plist; sourceTree = "<group>"; };
		65C3D24325A699DA00EACE45 /* watermelon.png */ = {isa = PBXFileReference; lastKnownFileType = image.png; name = watermelon.png; path = "../../../../Downloads/강의자료-아이폰 iOS 개발/12-2.+CustomCell+Images/watermelon.png"; sourceTree = "<group>"; };
		65C3D24425A699DA00EACE45 /* blueberry.jpg */ = {isa = PBXFileReference; lastKnownFileType = image.jpeg; name = blueberry.jpg; path = "../../../../Downloads/강의자료-아이폰 iOS 개발/12-2.+CustomCell+Images/blueberry.jpg"; sourceTree = "<group>"; };
		65C3D24525A699DA00EACE45 /* apple.jpeg */ = {isa = PBXFileReference; lastKnownFileType = image.jpeg; name = apple.jpeg; path = "../../../../Downloads/강의자료-아이폰 iOS 개발/12-2.+CustomCell+Images/apple.jpeg"; sourceTree = "<group>"; };
		65C3D24625A699DA00EACE45 /* tomato.png */ = {isa = PBXFileReference; lastKnownFileType = image.png; name = tomato.png; path = "../../../../Downloads/강의자료-아이폰 iOS 개발/12-2.+CustomCell+Images/tomato.png"; sourceTree = "<group>"; };
		65C3D24725A699DA00EACE45 /* grape.jpg */ = {isa = PBXFileReference; lastKnownFileType = image.jpeg; name = grape.jpg; path = "../../../../Downloads/강의자료-아이폰 iOS 개발/12-2.+CustomCell+Images/grape.jpg"; sourceTree = "<group>"; };
		65C3D24825A699DA00EACE45 /* kiwi.png */ = {isa = PBXFileReference; lastKnownFileType = image.png; name = kiwi.png; path = "../../../../Downloads/강의자료-아이폰 iOS 개발/12-2.+CustomCell+Images/kiwi.png"; sourceTree = "<group>"; };
		65C3D24925A699DA00EACE45 /* lemon.png */ = {isa = PBXFileReference; lastKnownFileType = image.png; name = lemon.png; path = "../../../../Downloads/강의자료-아이폰 iOS 개발/12-2.+CustomCell+Images/lemon.png"; sourceTree = "<group>"; };
		65C3D24A25A699DA00EACE45 /* cherry.png */ = {isa = PBXFileReference; lastKnownFileType = image.png; name = cherry.png; path = "../../../../Downloads/강의자료-아이폰 iOS 개발/12-2.+CustomCell+Images/cherry.png"; sourceTree = "<group>"; };
		65C3D24B25A699DA00EACE45 /* background.jpg */ = {isa = PBXFileReference; lastKnownFileType = image.jpeg; name = background.jpg; path = "../../../../Downloads/강의자료-아이폰 iOS 개발/12-2.+CustomCell+Images/background.jpg"; sourceTree = "<group>"; };
		65C3D24C25A699DA00EACE45 /* strawberry.jpg */ = {isa = PBXFileReference; lastKnownFileType = image.jpeg; name = strawberry.jpg; path = "../../../../Downloads/강의자료-아이폰 iOS 개발/12-2.+CustomCell+Images/strawberry.jpg"; sourceTree = "<group>"; };
		65C3D24D25A699DA00EACE45 /* carrot.jpg */ = {isa = PBXFileReference; lastKnownFileType = image.jpeg; name = carrot.jpg; path = "../../../../Downloads/강의자료-아이폰 iOS 개발/12-2.+CustomCell+Images/carrot.jpg"; sourceTree = "<group>"; };
		65C3D24E25A699DA00EACE45 /* lime.jpg */ = {isa = PBXFileReference; lastKnownFileType = image.jpeg; name = lime.jpg; path = "../../../../Downloads/강의자료-아이폰 iOS 개발/12-2.+CustomCell+Images/lime.jpg"; sourceTree = "<group>"; };
		65C3D24F25A699DA00EACE45 /* meat.jpg */ = {isa = PBXFileReference; lastKnownFileType = image.jpeg; name = meat.jpg; path = "../../../../Downloads/강의자료-아이폰 iOS 개발/12-2.+CustomCell+Images/meat.jpg"; sourceTree = "<group>"; };
		65C3D25025A699DA00EACE45 /* vegetable.jpg */ = {isa = PBXFileReference; lastKnownFileType = image.jpeg; name = vegetable.jpg; path = "../../../../Downloads/강의자료-아이폰 iOS 개발/12-2.+CustomCell+Images/vegetable.jpg"; sourceTree = "<group>"; };
		65C3D26025A6A34B00EACE45 /* CustomCell.swift */ = {isa = PBXFileReference; lastKnownFileType = sourcecode.swift; path = CustomCell.swift; sourceTree = "<group>"; };
		65C3D26325A6CA2400EACE45 /* DetailViewController.swift */ = {isa = PBXFileReference; lastKnownFileType = sourcecode.swift; path = DetailViewController.swift; sourceTree = "<group>"; };
/* End PBXFileReference section */

/* Begin PBXFrameworksBuildPhase section */
		65C3D22725A6999C00EACE45 /* Frameworks */ = {
			isa = PBXFrameworksBuildPhase;
			buildActionMask = 2147483647;
			files = (
			);
			runOnlyForDeploymentPostprocessing = 0;
		};
/* End PBXFrameworksBuildPhase section */

/* Begin PBXGroup section */
		65C3D22125A6999C00EACE45 = {
			isa = PBXGroup;
			children = (
				65C3D22C25A6999C00EACE45 /* CustomCell */,
				65C3D22B25A6999C00EACE45 /* Products */,
			);
			sourceTree = "<group>";
		};
		65C3D22B25A6999C00EACE45 /* Products */ = {
			isa = PBXGroup;
			children = (
				65C3D22A25A6999C00EACE45 /* CustomCell.app */,
			);
			name = Products;
			sourceTree = "<group>";
		};
		65C3D22C25A6999C00EACE45 /* CustomCell */ = {
			isa = PBXGroup;
			children = (
				65C3D24225A699C100EACE45 /* Resource */,
				65C3D22D25A6999C00EACE45 /* AppDelegate.swift */,
				65C3D22F25A6999C00EACE45 /* SceneDelegate.swift */,
				65C3D23125A6999C00EACE45 /* ViewController.swift */,
				65C3D26325A6CA2400EACE45 /* DetailViewController.swift */,
				65C3D23325A6999C00EACE45 /* Main.storyboard */,
				65C3D26025A6A34B00EACE45 /* CustomCell.swift */,
				65C3D23625A6999C00EACE45 /* Assets.xcassets */,
				65C3D23825A6999C00EACE45 /* LaunchScreen.storyboard */,
				65C3D23B25A6999C00EACE45 /* Info.plist */,
			);
			path = CustomCell;
			sourceTree = "<group>";
		};
		65C3D24225A699C100EACE45 /* Resource */ = {
			isa = PBXGroup;
			children = (
				65C3D24525A699DA00EACE45 /* apple.jpeg */,
				65C3D24B25A699DA00EACE45 /* background.jpg */,
				65C3D24425A699DA00EACE45 /* blueberry.jpg */,
				65C3D24D25A699DA00EACE45 /* carrot.jpg */,
				65C3D24A25A699DA00EACE45 /* cherry.png */,
				65C3D24725A699DA00EACE45 /* grape.jpg */,
				65C3D24825A699DA00EACE45 /* kiwi.png */,
				65C3D24925A699DA00EACE45 /* lemon.png */,
				65C3D24E25A699DA00EACE45 /* lime.jpg */,
				65C3D24F25A699DA00EACE45 /* meat.jpg */,
				65C3D24C25A699DA00EACE45 /* strawberry.jpg */,
				65C3D24625A699DA00EACE45 /* tomato.png */,
				65C3D25025A699DA00EACE45 /* vegetable.jpg */,
				65C3D24325A699DA00EACE45 /* watermelon.png */,
			);
			path = Resource;
			sourceTree = "<group>";
		};
/* End PBXGroup section */

/* Begin PBXNativeTarget section */
		65C3D22925A6999C00EACE45 /* CustomCell */ = {
			isa = PBXNativeTarget;
			buildConfigurationList = 65C3D23E25A6999C00EACE45 /* Build configuration list for PBXNativeTarget "CustomCell" */;
			buildPhases = (
				65C3D22625A6999C00EACE45 /* Sources */,
				65C3D22725A6999C00EACE45 /* Frameworks */,
				65C3D22825A6999C00EACE45 /* Resources */,
			);
			buildRules = (
			);
			dependencies = (
			);
			name = CustomCell;
			productName = CustomCell;
			productReference = 65C3D22A25A6999C00EACE45 /* CustomCell.app */;
			productType = "com.apple.product-type.application";
		};
/* End PBXNativeTarget section */

/* Begin PBXProject section */
		65C3D22225A6999C00EACE45 /* Project object */ = {
			isa = PBXProject;
			attributes = {
				LastSwiftUpdateCheck = 1230;
				LastUpgradeCheck = 1230;
				TargetAttributes = {
					65C3D22925A6999C00EACE45 = {
						CreatedOnToolsVersion = 12.3;
					};
				};
			};
			buildConfigurationList = 65C3D22525A6999C00EACE45 /* Build configuration list for PBXProject "CustomCell" */;
			compatibilityVersion = "Xcode 9.3";
			developmentRegion = en;
			hasScannedForEncodings = 0;
			knownRegions = (
				en,
				Base,
			);
			mainGroup = 65C3D22125A6999C00EACE45;
			productRefGroup = 65C3D22B25A6999C00EACE45 /* Products */;
			projectDirPath = "";
			projectRoot = "";
			targets = (
				65C3D22925A6999C00EACE45 /* CustomCell */,
			);
		};
/* End PBXProject section */

/* Begin PBXResourcesBuildPhase section */
		65C3D22825A6999C00EACE45 /* Resources */ = {
			isa = PBXResourcesBuildPhase;
			buildActionMask = 2147483647;
			files = (
				65C3D25B25A699DB00EACE45 /* carrot.jpg in Resources */,
				65C3D25C25A699DB00EACE45 /* lime.jpg in Resources */,
				65C3D23A25A6999C00EACE45 /* LaunchScreen.storyboard in Resources */,
				65C3D23725A6999C00EACE45 /* Assets.xcassets in Resources */,
				65C3D25625A699DB00EACE45 /* kiwi.png in Resources */,
				65C3D25825A699DB00EACE45 /* cherry.png in Resources */,
				65C3D23525A6999C00EACE45 /* Main.storyboard in Resources */,
				65C3D25E25A699DB00EACE45 /* vegetable.jpg in Resources */,
				65C3D25225A699DB00EACE45 /* blueberry.jpg in Resources */,
				65C3D25A25A699DB00EACE45 /* strawberry.jpg in Resources */,
				65C3D25425A699DB00EACE45 /* tomato.png in Resources */,
				65C3D25325A699DB00EACE45 /* apple.jpeg in Resources */,
				65C3D25725A699DB00EACE45 /* lemon.png in Resources */,
				65C3D25925A699DB00EACE45 /* background.jpg in Resources */,
				65C3D25125A699DB00EACE45 /* watermelon.png in Resources */,
				65C3D25D25A699DB00EACE45 /* meat.jpg in Resources */,
				65C3D25525A699DB00EACE45 /* grape.jpg in Resources */,
			);
			runOnlyForDeploymentPostprocessing = 0;
		};
/* End PBXResourcesBuildPhase section */

/* Begin PBXSourcesBuildPhase section */
		65C3D22625A6999C00EACE45 /* Sources */ = {
			isa = PBXSourcesBuildPhase;
			buildActionMask = 2147483647;
			files = (
				65C3D23225A6999C00EACE45 /* ViewController.swift in Sources */,
				65C3D22E25A6999C00EACE45 /* AppDelegate.swift in Sources */,
				65C3D26425A6CA2400EACE45 /* DetailViewController.swift in Sources */,
				65C3D26125A6A34B00EACE45 /* CustomCell.swift in Sources */,
				65C3D23025A6999C00EACE45 /* SceneDelegate.swift in Sources */,
			);
			runOnlyForDeploymentPostprocessing = 0;
		};
/* End PBXSourcesBuildPhase section */

/* Begin PBXVariantGroup section */
		65C3D23325A6999C00EACE45 /* Main.storyboard */ = {
			isa = PBXVariantGroup;
			children = (
				65C3D23425A6999C00EACE45 /* Base */,
			);
			name = Main.storyboard;
			sourceTree = "<group>";
		};
		65C3D23825A6999C00EACE45 /* LaunchScreen.storyboard */ = {
			isa = PBXVariantGroup;
			children = (
				65C3D23925A6999C00EACE45 /* Base */,
			);
			name = LaunchScreen.storyboard;
			sourceTree = "<group>";
		};
/* End PBXVariantGroup section */

/* Begin XCBuildConfiguration section */
		65C3D23C25A6999C00EACE45 /* Debug */ = {
			isa = XCBuildConfiguration;
			buildSettings = {
				ALWAYS_SEARCH_USER_PATHS = NO;
				CLANG_ANALYZER_NONNULL = YES;
				CLANG_ANALYZER_NUMBER_OBJECT_CONVERSION = YES_AGGRESSIVE;
				CLANG_CXX_LANGUAGE_STANDARD = "gnu++14";
				CLANG_CXX_LIBRARY = "libc++";
				CLANG_ENABLE_MODULES = YES;
				CLANG_ENABLE_OBJC_ARC = YES;
				CLANG_ENABLE_OBJC_WEAK = YES;
				CLANG_WARN_BLOCK_CAPTURE_AUTORELEASING = YES;
				CLANG_WARN_BOOL_CONVERSION = YES;
				CLANG_WARN_COMMA = YES;
				CLANG_WARN_CONSTANT_CONVERSION = YES;
				CLANG_WARN_DEPRECATED_OBJC_IMPLEMENTATIONS = YES;
				CLANG_WARN_DIRECT_OBJC_ISA_USAGE = YES_ERROR;
				CLANG_WARN_DOCUMENTATION_COMMENTS = YES;
				CLANG_WARN_EMPTY_BODY = YES;
				CLANG_WARN_ENUM_CONVERSION = YES;
				CLANG_WARN_INFINITE_RECURSION = YES;
				CLANG_WARN_INT_CONVERSION = YES;
				CLANG_WARN_NON_LITERAL_NULL_CONVERSION = YES;
				CLANG_WARN_OBJC_IMPLICIT_RETAIN_SELF = YES;
				CLANG_WARN_OBJC_LITERAL_CONVERSION = YES;
				CLANG_WARN_OBJC_ROOT_CLASS = YES_ERROR;
				CLANG_WARN_QUOTED_INCLUDE_IN_FRAMEWORK_HEADER = YES;
				CLANG_WARN_RANGE_LOOP_ANALYSIS = YES;
				CLANG_WARN_STRICT_PROTOTYPES = YES;
				CLANG_WARN_SUSPICIOUS_MOVE = YES;
				CLANG_WARN_UNGUARDED_AVAILABILITY = YES_AGGRESSIVE;
				CLANG_WARN_UNREACHABLE_CODE = YES;
				CLANG_WARN__DUPLICATE_METHOD_MATCH = YES;
				COPY_PHASE_STRIP = NO;
				DEBUG_INFORMATION_FORMAT = dwarf;
				ENABLE_STRICT_OBJC_MSGSEND = YES;
				ENABLE_TESTABILITY = YES;
				GCC_C_LANGUAGE_STANDARD = gnu11;
				GCC_DYNAMIC_NO_PIC = NO;
				GCC_NO_COMMON_BLOCKS = YES;
				GCC_OPTIMIZATION_LEVEL = 0;
				GCC_PREPROCESSOR_DEFINITIONS = (
					"DEBUG=1",
					"$(inherited)",
				);
				GCC_WARN_64_TO_32_BIT_CONVERSION = YES;
				GCC_WARN_ABOUT_RETURN_TYPE = YES_ERROR;
				GCC_WARN_UNDECLARED_SELECTOR = YES;
				GCC_WARN_UNINITIALIZED_AUTOS = YES_AGGRESSIVE;
				GCC_WARN_UNUSED_FUNCTION = YES;
				GCC_WARN_UNUSED_VARIABLE = YES;
				IPHONEOS_DEPLOYMENT_TARGET = 14.3;
				MTL_ENABLE_DEBUG_INFO = INCLUDE_SOURCE;
				MTL_FAST_MATH = YES;
				ONLY_ACTIVE_ARCH = YES;
				SDKROOT = iphoneos;
				SWIFT_ACTIVE_COMPILATION_CONDITIONS = DEBUG;
				SWIFT_OPTIMIZATION_LEVEL = "-Onone";
			};
			name = Debug;
		};
		65C3D23D25A6999C00EACE45 /* Release */ = {
			isa = XCBuildConfiguration;
			buildSettings = {
				ALWAYS_SEARCH_USER_PATHS = NO;
				CLANG_ANALYZER_NONNULL = YES;
				CLANG_ANALYZER_NUMBER_OBJECT_CONVERSION = YES_AGGRESSIVE;
				CLANG_CXX_LANGUAGE_STANDARD = "gnu++14";
				CLANG_CXX_LIBRARY = "libc++";
				CLANG_ENABLE_MODULES = YES;
				CLANG_ENABLE_OBJC_ARC = YES;
				CLANG_ENABLE_OBJC_WEAK = YES;
				CLANG_WARN_BLOCK_CAPTURE_AUTORELEASING = YES;
				CLANG_WARN_BOOL_CONVERSION = YES;
				CLANG_WARN_COMMA = YES;
				CLANG_WARN_CONSTANT_CONVERSION = YES;
				CLANG_WARN_DEPRECATED_OBJC_IMPLEMENTATIONS = YES;
				CLANG_WARN_DIRECT_OBJC_ISA_USAGE = YES_ERROR;
				CLANG_WARN_DOCUMENTATION_COMMENTS = YES;
				CLANG_WARN_EMPTY_BODY = YES;
				CLANG_WARN_ENUM_CONVERSION = YES;
				CLANG_WARN_INFINITE_RECURSION = YES;
				CLANG_WARN_INT_CONVERSION = YES;
				CLANG_WARN_NON_LITERAL_NULL_CONVERSION = YES;
				CLANG_WARN_OBJC_IMPLICIT_RETAIN_SELF = YES;
				CLANG_WARN_OBJC_LITERAL_CONVERSION = YES;
				CLANG_WARN_OBJC_ROOT_CLASS = YES_ERROR;
				CLANG_WARN_QUOTED_INCLUDE_IN_FRAMEWORK_HEADER = YES;
				CLANG_WARN_RANGE_LOOP_ANALYSIS = YES;
				CLANG_WARN_STRICT_PROTOTYPES = YES;
				CLANG_WARN_SUSPICIOUS_MOVE = YES;
				CLANG_WARN_UNGUARDED_AVAILABILITY = YES_AGGRESSIVE;
				CLANG_WARN_UNREACHABLE_CODE = YES;
				CLANG_WARN__DUPLICATE_METHOD_MATCH = YES;
				COPY_PHASE_STRIP = NO;
				DEBUG_INFORMATION_FORMAT = "dwarf-with-dsym";
				ENABLE_NS_ASSERTIONS = NO;
				ENABLE_STRICT_OBJC_MSGSEND = YES;
				GCC_C_LANGUAGE_STANDARD = gnu11;
				GCC_NO_COMMON_BLOCKS = YES;
				GCC_WARN_64_TO_32_BIT_CONVERSION = YES;
				GCC_WARN_ABOUT_RETURN_TYPE = YES_ERROR;
				GCC_WARN_UNDECLARED_SELECTOR = YES;
				GCC_WARN_UNINITIALIZED_AUTOS = YES_AGGRESSIVE;
				GCC_WARN_UNUSED_FUNCTION = YES;
				GCC_WARN_UNUSED_VARIABLE = YES;
				IPHONEOS_DEPLOYMENT_TARGET = 14.3;
				MTL_ENABLE_DEBUG_INFO = NO;
				MTL_FAST_MATH = YES;
				SDKROOT = iphoneos;
				SWIFT_COMPILATION_MODE = wholemodule;
				SWIFT_OPTIMIZATION_LEVEL = "-O";
				VALIDATE_PRODUCT = YES;
			};
			name = Release;
		};
		65C3D23F25A6999C00EACE45 /* Debug */ = {
			isa = XCBuildConfiguration;
			buildSettings = {
				ASSETCATALOG_COMPILER_APPICON_NAME = AppIcon;
				ASSETCATALOG_COMPILER_GLOBAL_ACCENT_COLOR_NAME = AccentColor;
				CODE_SIGN_STYLE = Automatic;
				DEVELOPMENT_TEAM = B434W34DLF;
				INFOPLIST_FILE = CustomCell/Info.plist;
				LD_RUNPATH_SEARCH_PATHS = (
					"$(inherited)",
					"@executable_path/Frameworks",
				);
				PRODUCT_BUNDLE_IDENTIFIER = "kr.ac.kpu.-.CustomCell";
				PRODUCT_NAME = "$(TARGET_NAME)";
				SWIFT_VERSION = 5.0;
				TARGETED_DEVICE_FAMILY = "1,2";
			};
			name = Debug;
		};
		65C3D24025A6999C00EACE45 /* Release */ = {
			isa = XCBuildConfiguration;
			buildSettings = {
				ASSETCATALOG_COMPILER_APPICON_NAME = AppIcon;
				ASSETCATALOG_COMPILER_GLOBAL_ACCENT_COLOR_NAME = AccentColor;
				CODE_SIGN_STYLE = Automatic;
				DEVELOPMENT_TEAM = B434W34DLF;
				INFOPLIST_FILE = CustomCell/Info.plist;
				LD_RUNPATH_SEARCH_PATHS = (
					"$(inherited)",
					"@executable_path/Frameworks",
				);
				PRODUCT_BUNDLE_IDENTIFIER = "kr.ac.kpu.-.CustomCell";
				PRODUCT_NAME = "$(TARGET_NAME)";
				SWIFT_VERSION = 5.0;
				TARGETED_DEVICE_FAMILY = "1,2";
			};
			name = Release;
		};
/* End XCBuildConfiguration section */

/* Begin XCConfigurationList section */
		65C3D22525A6999C00EACE45 /* Build configuration list for PBXProject "CustomCell" */ = {
			isa = XCConfigurationList;
			buildConfigurations = (
				65C3D23C25A6999C00EACE45 /* Debug */,
				65C3D23D25A6999C00EACE45 /* Release */,
			);
			defaultConfigurationIsVisible = 0;
			defaultConfigurationName = Release;
		};
		65C3D23E25A6999C00EACE45 /* Build configuration list for PBXNativeTarget "CustomCell" */ = {
			isa = XCConfigurationList;
			buildConfigurations = (
				65C3D23F25A6999C00EACE45 /* Debug */,
				65C3D24025A6999C00EACE45 /* Release */,
			);
			defaultConfigurationIsVisible = 0;
			defaultConfigurationName = Release;
		};
/* End XCConfigurationList section */
	};
	rootObject = 65C3D22225A6999C00EACE45 /* Project object */;
}
