// !$*UTF8*$!
{
	archiveVersion = 1;
	classes = {
	};
	objectVersion = 50;
	objects = {

/* Begin PBXBuildFile section */
		655E968325B43F9F00125854 /* AppDelegate.swift in Sources */ = {isa = PBXBuildFile; fileRef = 655E968225B43F9F00125854 /* AppDelegate.swift */; };
		655E968525B43F9F00125854 /* SceneDelegate.swift in Sources */ = {isa = PBXBuildFile; fileRef = 655E968425B43F9F00125854 /* SceneDelegate.swift */; };
		655E968725B43F9F00125854 /* ViewController.swift in Sources */ = {isa = PBXBuildFile; fileRef = 655E968625B43F9F00125854 /* ViewController.swift */; };
		655E968A25B43F9F00125854 /* Main.storyboard in Resources */ = {isa = PBXBuildFile; fileRef = 655E968825B43F9F00125854 /* Main.storyboard */; };
		655E968C25B43FA400125854 /* Assets.xcassets in Resources */ = {isa = PBXBuildFile; fileRef = 655E968B25B43FA400125854 /* Assets.xcassets */; };
		655E968F25B43FA400125854 /* LaunchScreen.storyboard in Resources */ = {isa = PBXBuildFile; fileRef = 655E968D25B43FA400125854 /* LaunchScreen.storyboard */; };
		655E969825B4405A00125854 /* WeatherTableViewCell.swift in Sources */ = {isa = PBXBuildFile; fileRef = 655E969725B4405A00125854 /* WeatherTableViewCell.swift */; };
		655E96AC25B4516D00125854 /* blizzard.png in Resources */ = {isa = PBXBuildFile; fileRef = 655E96A725B4516C00125854 /* blizzard.png */; };
		655E96AD25B4516D00125854 /* rainy.png in Resources */ = {isa = PBXBuildFile; fileRef = 655E96A825B4516C00125854 /* rainy.png */; };
		655E96AE25B4516D00125854 /* cloudy.png in Resources */ = {isa = PBXBuildFile; fileRef = 655E96A925B4516C00125854 /* cloudy.png */; };
		655E96AF25B4516D00125854 /* snow.png in Resources */ = {isa = PBXBuildFile; fileRef = 655E96AA25B4516C00125854 /* snow.png */; };
		655E96B025B4516D00125854 /* sunny.png in Resources */ = {isa = PBXBuildFile; fileRef = 655E96AB25B4516C00125854 /* sunny.png */; };
/* End PBXBuildFile section */

/* Begin PBXFileReference section */
		655E967F25B43F9F00125854 /* JsonPaser.app */ = {isa = PBXFileReference; explicitFileType = wrapper.application; includeInIndex = 0; path = JsonPaser.app; sourceTree = BUILT_PRODUCTS_DIR; };
		655E968225B43F9F00125854 /* AppDelegate.swift */ = {isa = PBXFileReference; lastKnownFileType = sourcecode.swift; path = AppDelegate.swift; sourceTree = "<group>"; };
		655E968425B43F9F00125854 /* SceneDelegate.swift */ = {isa = PBXFileReference; lastKnownFileType = sourcecode.swift; path = SceneDelegate.swift; sourceTree = "<group>"; };
		655E968625B43F9F00125854 /* ViewController.swift */ = {isa = PBXFileReference; lastKnownFileType = sourcecode.swift; path = ViewController.swift; sourceTree = "<group>"; };
		655E968925B43F9F00125854 /* Base */ = {isa = PBXFileReference; lastKnownFileType = file.storyboard; name = Base; path = Base.lproj/Main.storyboard; sourceTree = "<group>"; };
		655E968B25B43FA400125854 /* Assets.xcassets */ = {isa = PBXFileReference; lastKnownFileType = folder.assetcatalog; path = Assets.xcassets; sourceTree = "<group>"; };
		655E968E25B43FA400125854 /* Base */ = {isa = PBXFileReference; lastKnownFileType = file.storyboard; name = Base; path = Base.lproj/LaunchScreen.storyboard; sourceTree = "<group>"; };
		655E969025B43FA400125854 /* Info.plist */ = {isa = PBXFileReference; lastKnownFileType = text.plist.xml; path = Info.plist; sourceTree = "<group>"; };
		655E969725B4405A00125854 /* WeatherTableViewCell.swift */ = {isa = PBXFileReference; lastKnownFileType = sourcecode.swift; path = WeatherTableViewCell.swift; sourceTree = "<group>"; };
		655E96A725B4516C00125854 /* blizzard.png */ = {isa = PBXFileReference; lastKnownFileType = image.png; name = blizzard.png; path = "../../../../Downloads/강의자료-아이폰 iOS 개발/JSONParsing/XMLParser/Resource/blizzard.png"; sourceTree = "<group>"; };
		655E96A825B4516C00125854 /* rainy.png */ = {isa = PBXFileReference; lastKnownFileType = image.png; name = rainy.png; path = "../../../../Downloads/강의자료-아이폰 iOS 개발/JSONParsing/XMLParser/Resource/rainy.png"; sourceTree = "<group>"; };
		655E96A925B4516C00125854 /* cloudy.png */ = {isa = PBXFileReference; lastKnownFileType = image.png; name = cloudy.png; path = "../../../../Downloads/강의자료-아이폰 iOS 개발/JSONParsing/XMLParser/Resource/cloudy.png"; sourceTree = "<group>"; };
		655E96AA25B4516C00125854 /* snow.png */ = {isa = PBXFileReference; lastKnownFileType = image.png; name = snow.png; path = "../../../../Downloads/강의자료-아이폰 iOS 개발/JSONParsing/XMLParser/Resource/snow.png"; sourceTree = "<group>"; };
		655E96AB25B4516C00125854 /* sunny.png */ = {isa = PBXFileReference; lastKnownFileType = image.png; name = sunny.png; path = "../../../../Downloads/강의자료-아이폰 iOS 개발/JSONParsing/XMLParser/Resource/sunny.png"; sourceTree = "<group>"; };
/* End PBXFileReference section */

/* Begin PBXFrameworksBuildPhase section */
		655E967C25B43F9F00125854 /* Frameworks */ = {
			isa = PBXFrameworksBuildPhase;
			buildActionMask = 2147483647;
			files = (
			);
			runOnlyForDeploymentPostprocessing = 0;
		};
/* End PBXFrameworksBuildPhase section */

/* Begin PBXGroup section */
		655E967625B43F9F00125854 = {
			isa = PBXGroup;
			children = (
				655E968125B43F9F00125854 /* JsonPaser */,
				655E968025B43F9F00125854 /* Products */,
			);
			sourceTree = "<group>";
		};
		655E968025B43F9F00125854 /* Products */ = {
			isa = PBXGroup;
			children = (
				655E967F25B43F9F00125854 /* JsonPaser.app */,
			);
			name = Products;
			sourceTree = "<group>";
		};
		655E968125B43F9F00125854 /* JsonPaser */ = {
			isa = PBXGroup;
			children = (
				655E969B25B440FA00125854 /* Resource */,
				655E969725B4405A00125854 /* WeatherTableViewCell.swift */,
				655E968225B43F9F00125854 /* AppDelegate.swift */,
				655E968425B43F9F00125854 /* SceneDelegate.swift */,
				655E968625B43F9F00125854 /* ViewController.swift */,
				655E968825B43F9F00125854 /* Main.storyboard */,
				655E968B25B43FA400125854 /* Assets.xcassets */,
				655E968D25B43FA400125854 /* LaunchScreen.storyboard */,
				655E969025B43FA400125854 /* Info.plist */,
			);
			path = JsonPaser;
			sourceTree = "<group>";
		};
		655E969B25B440FA00125854 /* Resource */ = {
			isa = PBXGroup;
			children = (
				655E96A725B4516C00125854 /* blizzard.png */,
				655E96A925B4516C00125854 /* cloudy.png */,
				655E96A825B4516C00125854 /* rainy.png */,
				655E96AA25B4516C00125854 /* snow.png */,
				655E96AB25B4516C00125854 /* sunny.png */,
			);
			path = Resource;
			sourceTree = "<group>";
		};
/* End PBXGroup section */

/* Begin PBXNativeTarget section */
		655E967E25B43F9F00125854 /* JsonPaser */ = {
			isa = PBXNativeTarget;
			buildConfigurationList = 655E969325B43FA400125854 /* Build configuration list for PBXNativeTarget "JsonPaser" */;
			buildPhases = (
				655E967B25B43F9F00125854 /* Sources */,
				655E967C25B43F9F00125854 /* Frameworks */,
				655E967D25B43F9F00125854 /* Resources */,
			);
			buildRules = (
			);
			dependencies = (
			);
			name = JsonPaser;
			productName = JsonPaser;
			productReference = 655E967F25B43F9F00125854 /* JsonPaser.app */;
			productType = "com.apple.product-type.application";
		};
/* End PBXNativeTarget section */

/* Begin PBXProject section */
		655E967725B43F9F00125854 /* Project object */ = {
			isa = PBXProject;
			attributes = {
				LastSwiftUpdateCheck = 1230;
				LastUpgradeCheck = 1230;
				TargetAttributes = {
					655E967E25B43F9F00125854 = {
						CreatedOnToolsVersion = 12.3;
					};
				};
			};
			buildConfigurationList = 655E967A25B43F9F00125854 /* Build configuration list for PBXProject "JsonPaser" */;
			compatibilityVersion = "Xcode 9.3";
			developmentRegion = en;
			hasScannedForEncodings = 0;
			knownRegions = (
				en,
				Base,
			);
			mainGroup = 655E967625B43F9F00125854;
			productRefGroup = 655E968025B43F9F00125854 /* Products */;
			projectDirPath = "";
			projectRoot = "";
			targets = (
				655E967E25B43F9F00125854 /* JsonPaser */,
			);
		};
/* End PBXProject section */

/* Begin PBXResourcesBuildPhase section */
		655E967D25B43F9F00125854 /* Resources */ = {
			isa = PBXResourcesBuildPhase;
			buildActionMask = 2147483647;
			files = (
				655E968F25B43FA400125854 /* LaunchScreen.storyboard in Resources */,
				655E96B025B4516D00125854 /* sunny.png in Resources */,
				655E96AE25B4516D00125854 /* cloudy.png in Resources */,
				655E96AD25B4516D00125854 /* rainy.png in Resources */,
				655E96AC25B4516D00125854 /* blizzard.png in Resources */,
				655E968C25B43FA400125854 /* Assets.xcassets in Resources */,
				655E96AF25B4516D00125854 /* snow.png in Resources */,
				655E968A25B43F9F00125854 /* Main.storyboard in Resources */,
			);
			runOnlyForDeploymentPostprocessing = 0;
		};
/* End PBXResourcesBuildPhase section */

/* Begin PBXSourcesBuildPhase section */
		655E967B25B43F9F00125854 /* Sources */ = {
			isa = PBXSourcesBuildPhase;
			buildActionMask = 2147483647;
			files = (
				655E969825B4405A00125854 /* WeatherTableViewCell.swift in Sources */,
				655E968725B43F9F00125854 /* ViewController.swift in Sources */,
				655E968325B43F9F00125854 /* AppDelegate.swift in Sources */,
				655E968525B43F9F00125854 /* SceneDelegate.swift in Sources */,
			);
			runOnlyForDeploymentPostprocessing = 0;
		};
/* End PBXSourcesBuildPhase section */

/* Begin PBXVariantGroup section */
		655E968825B43F9F00125854 /* Main.storyboard */ = {
			isa = PBXVariantGroup;
			children = (
				655E968925B43F9F00125854 /* Base */,
			);
			name = Main.storyboard;
			sourceTree = "<group>";
		};
		655E968D25B43FA400125854 /* LaunchScreen.storyboard */ = {
			isa = PBXVariantGroup;
			children = (
				655E968E25B43FA400125854 /* Base */,
			);
			name = LaunchScreen.storyboard;
			sourceTree = "<group>";
		};
/* End PBXVariantGroup section */

/* Begin XCBuildConfiguration section */
		655E969125B43FA400125854 /* Debug */ = {
			isa = XCBuildConfiguration;
			buildSettings = {
				ALWAYS_SEARCH_USER_PATHS = NO;
				CLANG_ANALYZER_NONNULL = YES;
				CLANG_ANALYZER_NUMBER_OBJECT_CONVERSION = YES_AGGRESSIVE;
				CLANG_CXX_LANGUAGE_STANDARD = "gnu++14";
				CLANG_CXX_LIBRARY = "libc++";
				CLANG_ENABLE_MODULES = YES;
				CLANG_ENABLE_OBJC_ARC = YES;
				CLANG_ENABLE_OBJC_WEAK = YES;
				CLANG_WARN_BLOCK_CAPTURE_AUTORELEASING = YES;
				CLANG_WARN_BOOL_CONVERSION = YES;
				CLANG_WARN_COMMA = YES;
				CLANG_WARN_CONSTANT_CONVERSION = YES;
				CLANG_WARN_DEPRECATED_OBJC_IMPLEMENTATIONS = YES;
				CLANG_WARN_DIRECT_OBJC_ISA_USAGE = YES_ERROR;
				CLANG_WARN_DOCUMENTATION_COMMENTS = YES;
				CLANG_WARN_EMPTY_BODY = YES;
				CLANG_WARN_ENUM_CONVERSION = YES;
				CLANG_WARN_INFINITE_RECURSION = YES;
				CLANG_WARN_INT_CONVERSION = YES;
				CLANG_WARN_NON_LITERAL_NULL_CONVERSION = YES;
				CLANG_WARN_OBJC_IMPLICIT_RETAIN_SELF = YES;
				CLANG_WARN_OBJC_LITERAL_CONVERSION = YES;
				CLANG_WARN_OBJC_ROOT_CLASS = YES_ERROR;
				CLANG_WARN_QUOTED_INCLUDE_IN_FRAMEWORK_HEADER = YES;
				CLANG_WARN_RANGE_LOOP_ANALYSIS = YES;
				CLANG_WARN_STRICT_PROTOTYPES = YES;
				CLANG_WARN_SUSPICIOUS_MOVE = YES;
				CLANG_WARN_UNGUARDED_AVAILABILITY = YES_AGGRESSIVE;
				CLANG_WARN_UNREACHABLE_CODE = YES;
				CLANG_WARN__DUPLICATE_METHOD_MATCH = YES;
				COPY_PHASE_STRIP = NO;
				DEBUG_INFORMATION_FORMAT = dwarf;
				ENABLE_STRICT_OBJC_MSGSEND = YES;
				ENABLE_TESTABILITY = YES;
				GCC_C_LANGUAGE_STANDARD = gnu11;
				GCC_DYNAMIC_NO_PIC = NO;
				GCC_NO_COMMON_BLOCKS = YES;
				GCC_OPTIMIZATION_LEVEL = 0;
				GCC_PREPROCESSOR_DEFINITIONS = (
					"DEBUG=1",
					"$(inherited)",
				);
				GCC_WARN_64_TO_32_BIT_CONVERSION = YES;
				GCC_WARN_ABOUT_RETURN_TYPE = YES_ERROR;
				GCC_WARN_UNDECLARED_SELECTOR = YES;
				GCC_WARN_UNINITIALIZED_AUTOS = YES_AGGRESSIVE;
				GCC_WARN_UNUSED_FUNCTION = YES;
				GCC_WARN_UNUSED_VARIABLE = YES;
				IPHONEOS_DEPLOYMENT_TARGET = 14.3;
				MTL_ENABLE_DEBUG_INFO = INCLUDE_SOURCE;
				MTL_FAST_MATH = YES;
				ONLY_ACTIVE_ARCH = YES;
				SDKROOT = iphoneos;
				SWIFT_ACTIVE_COMPILATION_CONDITIONS = DEBUG;
				SWIFT_OPTIMIZATION_LEVEL = "-Onone";
			};
			name = Debug;
		};
		655E969225B43FA400125854 /* Release */ = {
			isa = XCBuildConfiguration;
			buildSettings = {
				ALWAYS_SEARCH_USER_PATHS = NO;
				CLANG_ANALYZER_NONNULL = YES;
				CLANG_ANALYZER_NUMBER_OBJECT_CONVERSION = YES_AGGRESSIVE;
				CLANG_CXX_LANGUAGE_STANDARD = "gnu++14";
				CLANG_CXX_LIBRARY = "libc++";
				CLANG_ENABLE_MODULES = YES;
				CLANG_ENABLE_OBJC_ARC = YES;
				CLANG_ENABLE_OBJC_WEAK = YES;
				CLANG_WARN_BLOCK_CAPTURE_AUTORELEASING = YES;
				CLANG_WARN_BOOL_CONVERSION = YES;
				CLANG_WARN_COMMA = YES;
				CLANG_WARN_CONSTANT_CONVERSION = YES;
				CLANG_WARN_DEPRECATED_OBJC_IMPLEMENTATIONS = YES;
				CLANG_WARN_DIRECT_OBJC_ISA_USAGE = YES_ERROR;
				CLANG_WARN_DOCUMENTATION_COMMENTS = YES;
				CLANG_WARN_EMPTY_BODY = YES;
				CLANG_WARN_ENUM_CONVERSION = YES;
				CLANG_WARN_INFINITE_RECURSION = YES;
				CLANG_WARN_INT_CONVERSION = YES;
				CLANG_WARN_NON_LITERAL_NULL_CONVERSION = YES;
				CLANG_WARN_OBJC_IMPLICIT_RETAIN_SELF = YES;
				CLANG_WARN_OBJC_LITERAL_CONVERSION = YES;
				CLANG_WARN_OBJC_ROOT_CLASS = YES_ERROR;
				CLANG_WARN_QUOTED_INCLUDE_IN_FRAMEWORK_HEADER = YES;
				CLANG_WARN_RANGE_LOOP_ANALYSIS = YES;
				CLANG_WARN_STRICT_PROTOTYPES = YES;
				CLANG_WARN_SUSPICIOUS_MOVE = YES;
				CLANG_WARN_UNGUARDED_AVAILABILITY = YES_AGGRESSIVE;
				CLANG_WARN_UNREACHABLE_CODE = YES;
				CLANG_WARN__DUPLICATE_METHOD_MATCH = YES;
				COPY_PHASE_STRIP = NO;
				DEBUG_INFORMATION_FORMAT = "dwarf-with-dsym";
				ENABLE_NS_ASSERTIONS = NO;
				ENABLE_STRICT_OBJC_MSGSEND = YES;
				GCC_C_LANGUAGE_STANDARD = gnu11;
				GCC_NO_COMMON_BLOCKS = YES;
				GCC_WARN_64_TO_32_BIT_CONVERSION = YES;
				GCC_WARN_ABOUT_RETURN_TYPE = YES_ERROR;
				GCC_WARN_UNDECLARED_SELECTOR = YES;
				GCC_WARN_UNINITIALIZED_AUTOS = YES_AGGRESSIVE;
				GCC_WARN_UNUSED_FUNCTION = YES;
				GCC_WARN_UNUSED_VARIABLE = YES;
				IPHONEOS_DEPLOYMENT_TARGET = 14.3;
				MTL_ENABLE_DEBUG_INFO = NO;
				MTL_FAST_MATH = YES;
				SDKROOT = iphoneos;
				SWIFT_COMPILATION_MODE = wholemodule;
				SWIFT_OPTIMIZATION_LEVEL = "-O";
				VALIDATE_PRODUCT = YES;
			};
			name = Release;
		};
		655E969425B43FA400125854 /* Debug */ = {
			isa = XCBuildConfiguration;
			buildSettings = {
				ASSETCATALOG_COMPILER_APPICON_NAME = AppIcon;
				ASSETCATALOG_COMPILER_GLOBAL_ACCENT_COLOR_NAME = AccentColor;
				CODE_SIGN_STYLE = Automatic;
				DEVELOPMENT_TEAM = B434W34DLF;
				INFOPLIST_FILE = JsonPaser/Info.plist;
				LD_RUNPATH_SEARCH_PATHS = (
					"$(inherited)",
					"@executable_path/Frameworks",
				);
				PRODUCT_BUNDLE_IDENTIFIER = "kr.ac.kpu.-.JsonPaser";
				PRODUCT_NAME = "$(TARGET_NAME)";
				SWIFT_VERSION = 5.0;
				TARGETED_DEVICE_FAMILY = "1,2";
			};
			name = Debug;
		};
		655E969525B43FA400125854 /* Release */ = {
			isa = XCBuildConfiguration;
			buildSettings = {
				ASSETCATALOG_COMPILER_APPICON_NAME = AppIcon;
				ASSETCATALOG_COMPILER_GLOBAL_ACCENT_COLOR_NAME = AccentColor;
				CODE_SIGN_STYLE = Automatic;
				DEVELOPMENT_TEAM = B434W34DLF;
				INFOPLIST_FILE = JsonPaser/Info.plist;
				LD_RUNPATH_SEARCH_PATHS = (
					"$(inherited)",
					"@executable_path/Frameworks",
				);
				PRODUCT_BUNDLE_IDENTIFIER = "kr.ac.kpu.-.JsonPaser";
				PRODUCT_NAME = "$(TARGET_NAME)";
				SWIFT_VERSION = 5.0;
				TARGETED_DEVICE_FAMILY = "1,2";
			};
			name = Release;
		};
/* End XCBuildConfiguration section */

/* Begin XCConfigurationList section */
		655E967A25B43F9F00125854 /* Build configuration list for PBXProject "JsonPaser" */ = {
			isa = XCConfigurationList;
			buildConfigurations = (
				655E969125B43FA400125854 /* Debug */,
				655E969225B43FA400125854 /* Release */,
			);
			defaultConfigurationIsVisible = 0;
			defaultConfigurationName = Release;
		};
		655E969325B43FA400125854 /* Build configuration list for PBXNativeTarget "JsonPaser" */ = {
			isa = XCConfigurationList;
			buildConfigurations = (
				655E969425B43FA400125854 /* Debug */,
				655E969525B43FA400125854 /* Release */,
			);
			defaultConfigurationIsVisible = 0;
			defaultConfigurationName = Release;
		};
/* End XCConfigurationList section */
	};
	rootObject = 655E967725B43F9F00125854 /* Project object */;
}
